
Microsoft Visual Studio Solution File, Format Version 12.00
# Visual Studio 14
VisualStudioVersion = 14.0.25420.1
MinimumVisualStudioVersion = 10.0.40219.1
Project("{FAE04EC0-301F-11D3-BF4B-00C04F79EFBC}") = "ABBYYEmailBot", "ABBYYEmailBot\ABBYYEmailBot.csproj", "{DA5CEC5B-D52F-408E-81DB-0E8F94AE5C2A}"
EndProject
Project("{FAE04EC0-301F-11D3-BF4B-00C04F79EFBC}") = "WKFCBusinessRules", "..\abbyy_logic_library\abbyy_logic_library\WKFCBusinessRules.csproj", "{A7D61863-05C4-48B6-A600-B995BCA425EB}"
EndProject
Global
	GlobalSection(SolutionConfigurationPlatforms) = preSolution
		Debug|Any CPU = Debug|Any CPU
		Release|Any CPU = Release|Any CPU
	EndGlobalSection
	GlobalSection(ProjectConfigurationPlatforms) = postSolution
		{DA5CEC5B-D52F-408E-81DB-0E8F94AE5C2A}.Debug|Any CPU.ActiveCfg = Debug|Any CPU
		{DA5CEC5B-D52F-408E-81DB-0E8F94AE5C2A}.Debug|Any CPU.Build.0 = Debug|Any CPU
		{DA5CEC5B-D52F-408E-81DB-0E8F94AE5C2A}.Release|Any CPU.ActiveCfg = Release|Any CPU
		{DA5CEC5B-D52F-408E-81DB-0E8F94AE5C2A}.Release|Any CPU.Build.0 = Release|Any CPU
		{A7D61863-05C4-48B6-A600-B995BCA425EB}.Debug|Any CPU.ActiveCfg = Debug|Any CPU
		{A7D61863-05C4-48B6-A600-B995BCA425EB}.Debug|Any CPU.Build.0 = Debug|Any CPU
		{A7D61863-05C4-48B6-A600-B995BCA425EB}.Release|Any CPU.ActiveCfg = Release|Any CPU
		{A7D61863-05C4-48B6-A600-B995BCA425EB}.Release|Any CPU.Build.0 = Release|Any CPU
	EndGlobalSection
	GlobalSection(SolutionProperties) = preSolution
		HideSolutionNode = FALSE
	EndGlobalSection
EndGlobal
